<?xml version="1.0" encoding="utf-8"?>
<Project ToolsVersion="4.0" xmlns="http://schemas.microsoft.com/developer/msbuild/2003">
  <ItemGroup>
    <Filter Include="Classes">
      <UniqueIdentifier>{fc5cb953-2953-4968-83b3-39e3ff951754}</UniqueIdentifier>
    </Filter>
    <Filter Include="win32">
      <UniqueIdentifier>{037a9a02-b906-4cc5-ad98-304acd4e25ee}</UniqueIdentifier>
    </Filter>
    <Filter Include="resource">
      <UniqueIdentifier>{2d1d0979-58cd-4ab6-b91c-13650158f1fa}</UniqueIdentifier>
    </Filter>
    <Filter Include="Classes\lua_extensions">
      <UniqueIdentifier>{5972458a-fdd0-4841-bb5e-3b035d6686ed}</UniqueIdentifier>
    </Filter>
    <Filter Include="Classes\lua_extensions\md5">
      <UniqueIdentifier>{16f1716a-15dd-4204-bc9b-4cc92e6cd0e1}</UniqueIdentifier>
    </Filter>
    <Filter Include="Classes\lua_extensions\cjson">
      <UniqueIdentifier>{b5ed04f4-021a-428d-9ab2-7c2f08c76b7c}</UniqueIdentifier>
    </Filter>
    <Filter Include="Classes\lua_extensions\pbc">
      <UniqueIdentifier>{5d75ecb7-b328-4173-9986-2a055db3145c}</UniqueIdentifier>
    </Filter>
  </ItemGroup>
  <ItemGroup>
    <ClInclude Include="..\Classes\AppDelegate.h">
      <Filter>Classes</Filter>
    </ClInclude>
    <ClInclude Include="main.h">
      <Filter>win32</Filter>
    </ClInclude>
    <ClInclude Include="resource.h" />
    <ClInclude Include="SimulatorWin.h" />
    <ClInclude Include="stdafx.h">
      <Filter>win32</Filter>
    </ClInclude>
    <ClInclude Include="targetver.h">
      <Filter>win32</Filter>
    </ClInclude>
    <ClInclude Include="..\Classes\ide-support\CodeIDESupport.h">
      <Filter>Classes</Filter>
    </ClInclude>
    <ClInclude Include="..\Classes\ide-support\lua_debugger.h">
      <Filter>Classes</Filter>
    </ClInclude>
    <ClInclude Include="..\Classes\ide-support\RuntimeLuaImpl.h">
      <Filter>Classes</Filter>
    </ClInclude>
    <ClInclude Include="..\Classes\lua_extensions\lua_extensions_more.h">
      <Filter>Classes\lua_extensions</Filter>
    </ClInclude>
    <ClInclude Include="..\Classes\lua_extensions\extensFunction.h">
      <Filter>Classes\lua_extensions</Filter>
    </ClInclude>
    <ClInclude Include="..\Classes\lua_extensions\md5\md5.h">
      <Filter>Classes\lua_extensions\md5</Filter>
    </ClInclude>
    <ClInclude Include="..\Classes\lua_extensions\pbc\alloc.h">
      <Filter>Classes\lua_extensions\pbc</Filter>
    </ClInclude>
    <ClInclude Include="..\Classes\lua_extensions\pbc\array.h">
      <Filter>Classes\lua_extensions\pbc</Filter>
    </ClInclude>
    <ClInclude Include="..\Classes\lua_extensions\pbc\bootstrap.h">
      <Filter>Classes\lua_extensions\pbc</Filter>
    </ClInclude>
    <ClInclude Include="..\Classes\lua_extensions\pbc\context.h">
      <Filter>Classes\lua_extensions\pbc</Filter>
    </ClInclude>
    <ClInclude Include="..\Classes\lua_extensions\pbc\descriptor.pbc.h">
      <Filter>Classes\lua_extensions\pbc</Filter>
    </ClInclude>
    <ClInclude Include="..\Classes\lua_extensions\pbc\map.h">
      <Filter>Classes\lua_extensions\pbc</Filter>
    </ClInclude>
    <ClInclude Include="..\Classes\lua_extensions\pbc\pattern.h">
      <Filter>Classes\lua_extensions\pbc</Filter>
    </ClInclude>
    <ClInclude Include="..\Classes\lua_extensions\pbc\pbc.h">
      <Filter>Classes\lua_extensions\pbc</Filter>
    </ClInclude>
    <ClInclude Include="..\Classes\lua_extensions\pbc\proto.h">
      <Filter>Classes\lua_extensions\pbc</Filter>
    </ClInclude>
    <ClInclude Include="..\Classes\lua_extensions\pbc\stringpool.h">
      <Filter>Classes\lua_extensions\pbc</Filter>
    </ClInclude>
    <ClInclude Include="..\Classes\lua_extensions\pbc\varint.h">
      <Filter>Classes\lua_extensions\pbc</Filter>
    </ClInclude>
    <ClInclude Include="..\Classes\lua_extensions\pbc\pbc_head.h">
      <Filter>Classes\lua_extensions\pbc</Filter>
    </ClInclude>
    <ClInclude Include="..\Classes\lua_extensions\lua_extensFunction_auto.hpp">
      <Filter>Classes\lua_extensions</Filter>
    </ClInclude>
  </ItemGroup>
  <ItemGroup>
    <ClCompile Include="..\Classes\AppDelegate.cpp">
      <Filter>Classes</Filter>
    </ClCompile>
    <ClCompile Include="main.cpp">
      <Filter>win32</Filter>
    </ClCompile>
    <ClCompile Include="SimulatorWin.cpp" />
    <ClCompile Include="stdafx.cpp">
      <Filter>win32</Filter>
    </ClCompile>
    <ClCompile Include="..\Classes\ide-support\lua_debugger.c">
      <Filter>Classes</Filter>
    </ClCompile>
    <ClCompile Include="..\Classes\ide-support\RuntimeLuaImpl.cpp">
      <Filter>Classes</Filter>
    </ClCompile>
    <ClCompile Include="..\Classes\lua_extensions\md5\md5.c">
      <Filter>Classes\lua_extensions\md5</Filter>
    </ClCompile>
    <ClCompile Include="..\Classes\lua_extensions\cjson\lua_cjson.c">
      <Filter>Classes\lua_extensions\cjson</Filter>
    </ClCompile>
    <ClCompile Include="..\Classes\lua_extensions\cjson\strbuf.c">
      <Filter>Classes\lua_extensions\cjson</Filter>
    </ClCompile>
    <ClCompile Include="..\Classes\lua_extensions\cjson\fpconv.c">
      <Filter>Classes\lua_extensions\cjson</Filter>
    </ClCompile>
    <ClCompile Include="..\Classes\lua_extensions\lua_extensFunction_auto.cpp">
      <Filter>Classes\lua_extensions</Filter>
    </ClCompile>
    <ClCompile Include="..\Classes\lua_extensions\pbc\alloc.cpp">
      <Filter>Classes\lua_extensions\pbc</Filter>
    </ClCompile>
    <ClCompile Include="..\Classes\lua_extensions\pbc\array.cpp">
      <Filter>Classes\lua_extensions\pbc</Filter>
    </ClCompile>
    <ClCompile Include="..\Classes\lua_extensions\pbc\bootstrap.cpp">
      <Filter>Classes\lua_extensions\pbc</Filter>
    </ClCompile>
    <ClCompile Include="..\Classes\lua_extensions\pbc\context.cpp">
      <Filter>Classes\lua_extensions\pbc</Filter>
    </ClCompile>
    <ClCompile Include="..\Classes\lua_extensions\pbc\decode.cpp">
      <Filter>Classes\lua_extensions\pbc</Filter>
    </ClCompile>
    <ClCompile Include="..\Classes\lua_extensions\pbc\map.cpp">
      <Filter>Classes\lua_extensions\pbc</Filter>
    </ClCompile>
    <ClCompile Include="..\Classes\lua_extensions\pbc\pattern.cpp">
      <Filter>Classes\lua_extensions\pbc</Filter>
    </ClCompile>
    <ClCompile Include="..\Classes\lua_extensions\pbc\pbc-lua.cpp">
      <Filter>Classes\lua_extensions\pbc</Filter>
    </ClCompile>
    <ClCompile Include="..\Classes\lua_extensions\pbc\proto.cpp">
      <Filter>Classes\lua_extensions\pbc</Filter>
    </ClCompile>
    <ClCompile Include="..\Classes\lua_extensions\pbc\register.cpp">
      <Filter>Classes\lua_extensions\pbc</Filter>
    </ClCompile>
    <ClCompile Include="..\Classes\lua_extensions\pbc\rmessage.cpp">
      <Filter>Classes\lua_extensions\pbc</Filter>
    </ClCompile>
    <ClCompile Include="..\Classes\lua_extensions\pbc\stringpool.cpp">
      <Filter>Classes\lua_extensions\pbc</Filter>
    </ClCompile>
    <ClCompile Include="..\Classes\lua_extensions\pbc\varint.cpp">
      <Filter>Classes\lua_extensions\pbc</Filter>
    </ClCompile>
    <ClCompile Include="..\Classes\lua_extensions\pbc\wmessage.cpp">
      <Filter>Classes\lua_extensions\pbc</Filter>
    </ClCompile>
    <ClCompile Include="..\Classes\lua_extensions\extensFunction.cpp">
      <Filter>Classes\lua_extensions</Filter>
    </ClCompile>
    <ClCompile Include="..\Classes\lua_extensions\lua_extensions_more.cpp">
      <Filter>Classes\lua_extensions</Filter>
    </ClCompile>
  </ItemGroup>
  <ItemGroup>
    <ResourceCompile Include="game.rc">
      <Filter>resource</Filter>
    </ResourceCompile>
  </ItemGroup>
  <ItemGroup>
    <Image Include="res\game.ico" />
  </ItemGroup>
</Project>